// !$*UTF8*$!
{
	archiveVersion = 1;
	classes = {
	};
	objectVersion = 46;
	objects = {

/* Begin PBXBuildFile section */
		5BB99BC6195256B3009B549B /* Foundation.framework in Frameworks */ = {isa = PBXBuildFile; fileRef = 5BB99BC5195256B3009B549B /* Foundation.framework */; };
		5BB99BC8195256B3009B549B /* CoreGraphics.framework in Frameworks */ = {isa = PBXBuildFile; fileRef = 5BB99BC7195256B3009B549B /* CoreGraphics.framework */; };
		5BB99BCA195256B3009B549B /* UIKit.framework in Frameworks */ = {isa = PBXBuildFile; fileRef = 5BB99BC9195256B3009B549B /* UIKit.framework */; };
		5BB99BD0195256B3009B549B /* InfoPlist.strings in Resources */ = {isa = PBXBuildFile; fileRef = 5BB99BCE195256B3009B549B /* InfoPlist.strings */; };
		5BB99BD2195256B3009B549B /* main.m in Sources */ = {isa = PBXBuildFile; fileRef = 5BB99BD1195256B3009B549B /* main.m */; };
		5BB99BD6195256B3009B549B /* CHAppDelegate.m in Sources */ = {isa = PBXBuildFile; fileRef = 5BB99BD5195256B3009B549B /* CHAppDelegate.m */; };
		5BB99BD9195256B3009B549B /* Main.storyboard in Resources */ = {isa = PBXBuildFile; fileRef = 5BB99BD7195256B3009B549B /* Main.storyboard */; };
		5BB99BDE195256B3009B549B /* Images.xcassets in Resources */ = {isa = PBXBuildFile; fileRef = 5BB99BDD195256B3009B549B /* Images.xcassets */; };
		5BB99BE5195256B3009B549B /* XCTest.framework in Frameworks */ = {isa = PBXBuildFile; fileRef = 5BB99BE4195256B3009B549B /* XCTest.framework */; };
		5BB99BE6195256B3009B549B /* Foundation.framework in Frameworks */ = {isa = PBXBuildFile; fileRef = 5BB99BC5195256B3009B549B /* Foundation.framework */; };
		5BB99BE7195256B3009B549B /* UIKit.framework in Frameworks */ = {isa = PBXBuildFile; fileRef = 5BB99BC9195256B3009B549B /* UIKit.framework */; };
		5BB99BEF195256B3009B549B /* InfoPlist.strings in Resources */ = {isa = PBXBuildFile; fileRef = 5BB99BED195256B3009B549B /* InfoPlist.strings */; };
		5BB99BF1195256B3009B549B /* UITableViewController_Challenge_SolutionTests.m in Sources */ = {isa = PBXBuildFile; fileRef = 5BB99BF0195256B3009B549B /* UITableViewController_Challenge_SolutionTests.m */; };
		5BB99BFC19526142009B549B /* CHTableViewController.m in Sources */ = {isa = PBXBuildFile; fileRef = 5BB99BFB19526142009B549B /* CHTableViewController.m */; };
/* End PBXBuildFile section */

/* Begin PBXContainerItemProxy section */
		5BB99BE8195256B3009B549B /* PBXContainerItemProxy */ = {
			isa = PBXContainerItemProxy;
			containerPortal = 5BB99BBA195256B3009B549B /* Project object */;
			proxyType = 1;
			remoteGlobalIDString = 5BB99BC1195256B3009B549B;
			remoteInfo = "UITableViewController Challenge Solution";
		};
/* End PBXContainerItemProxy section */

/* Begin PBXFileReference section */
		5BB99BC2195256B3009B549B /* UITableViewController Challenge Solution.app */ = {isa = PBXFileReference; explicitFileType = wrapper.application; includeInIndex = 0; path = "UITableViewController Challenge Solution.app"; sourceTree = BUILT_PRODUCTS_DIR; };
		5BB99BC5195256B3009B549B /* Foundation.framework */ = {isa = PBXFileReference; lastKnownFileType = wrapper.framework; name = Foundation.framework; path = System/Library/Frameworks/Foundation.framework; sourceTree = SDKROOT; };
		5BB99BC7195256B3009B549B /* CoreGraphics.framework */ = {isa = PBXFileReference; lastKnownFileType = wrapper.framework; name = CoreGraphics.framework; path = System/Library/Frameworks/CoreGraphics.framework; sourceTree = SDKROOT; };
		5BB99BC9195256B3009B549B /* UIKit.framework */ = {isa = PBXFileReference; lastKnownFileType = wrapper.framework; name = UIKit.framework; path = System/Library/Frameworks/UIKit.framework; sourceTree = SDKROOT; };
		5BB99BCD195256B3009B549B /* UITableViewController Challenge Solution-Info.plist */ = {isa = PBXFileReference; lastKnownFileType = text.plist.xml; path = "UITableViewController Challenge Solution-Info.plist"; sourceTree = "<group>"; };
		5BB99BCF195256B3009B549B /* en */ = {isa = PBXFileReference; lastKnownFileType = text.plist.strings; name = en; path = en.lproj/InfoPlist.strings; sourceTree = "<group>"; };
		5BB99BD1195256B3009B549B /* main.m */ = {isa = PBXFileReference; lastKnownFileType = sourcecode.c.objc; path = main.m; sourceTree = "<group>"; };
		5BB99BD3195256B3009B549B /* UITableViewController Challenge Solution-Prefix.pch */ = {isa = PBXFileReference; lastKnownFileType = sourcecode.c.h; path = "UITableViewController Challenge Solution-Prefix.pch"; sourceTree = "<group>"; };
		5BB99BD4195256B3009B549B /* CHAppDelegate.h */ = {isa = PBXFileReference; lastKnownFileType = sourcecode.c.h; path = CHAppDelegate.h; sourceTree = "<group>"; };
		5BB99BD5195256B3009B549B /* CHAppDelegate.m */ = {isa = PBXFileReference; lastKnownFileType = sourcecode.c.objc; path = CHAppDelegate.m; sourceTree = "<group>"; };
		5BB99BD8195256B3009B549B /* Base */ = {isa = PBXFileReference; lastKnownFileType = file.storyboard; name = Base; path = Base.lproj/Main.storyboard; sourceTree = "<group>"; };
		5BB99BDA195256B3009B549B /* CHViewController.h */ = {isa = PBXFileReference; lastKnownFileType = sourcecode.c.h; path = CHViewController.h; sourceTree = "<group>"; };
		5BB99BDD195256B3009B549B /* Images.xcassets */ = {isa = PBXFileReference; lastKnownFileType = folder.assetcatalog; path = Images.xcassets; sourceTree = "<group>"; };
		5BB99BE3195256B3009B549B /* UITableViewController Challenge SolutionTests.xctest */ = {isa = PBXFileReference; explicitFileType = wrapper.cfbundle; includeInIndex = 0; path = "UITableViewController Challenge SolutionTests.xctest"; sourceTree = BUILT_PRODUCTS_DIR; };
		5BB99BE4195256B3009B549B /* XCTest.framework */ = {isa = PBXFileReference; lastKnownFileType = wrapper.framework; name = XCTest.framework; path = Library/Frameworks/XCTest.framework; sourceTree = DEVELOPER_DIR; };
		5BB99BEC195256B3009B549B /* UITableViewController Challenge SolutionTests-Info.plist */ = {isa = PBXFileReference; lastKnownFileType = text.plist.xml; path = "UITableViewController Challenge SolutionTests-Info.plist"; sourceTree = "<group>"; };
		5BB99BEE195256B3009B549B /* en */ = {isa = PBXFileReference; lastKnownFileType = text.plist.strings; name = en; path = en.lproj/InfoPlist.strings; sourceTree = "<group>"; };
		5BB99BF0195256B3009B549B /* UITableViewController_Challenge_SolutionTests.m */ = {isa = PBXFileReference; lastKnownFileType = sourcecode.c.objc; path = UITableViewController_Challenge_SolutionTests.m; sourceTree = "<group>"; };
		5BB99BFA19526142009B549B /* CHTableViewController.h */ = {isa = PBXFileReference; fileEncoding = 4; lastKnownFileType = sourcecode.c.h; path = CHTableViewController.h; sourceTree = "<group>"; };
		5BB99BFB19526142009B549B /* CHTableViewController.m */ = {isa = PBXFileReference; fileEncoding = 4; lastKnownFileType = sourcecode.c.objc; path = CHTableViewController.m; sourceTree = "<group>"; };
/* End PBXFileReference section */

/* Begin PBXFrameworksBuildPhase section */
		5BB99BBF195256B3009B549B /* Frameworks */ = {
			isa = PBXFrameworksBuildPhase;
			buildActionMask = 2147483647;
			files = (
				5BB99BC8195256B3009B549B /* CoreGraphics.framework in Frameworks */,
				5BB99BCA195256B3009B549B /* UIKit.framework in Frameworks */,
				5BB99BC6195256B3009B549B /* Foundation.framework in Frameworks */,
			);
			runOnlyForDeploymentPostprocessing = 0;
		};
		5BB99BE0195256B3009B549B /* Frameworks */ = {
			isa = PBXFrameworksBuildPhase;
			buildActionMask = 2147483647;
			files = (
				5BB99BE5195256B3009B549B /* XCTest.framework in Frameworks */,
				5BB99BE7195256B3009B549B /* UIKit.framework in Frameworks */,
				5BB99BE6195256B3009B549B /* Foundation.framework in Frameworks */,
			);
			runOnlyForDeploymentPostprocessing = 0;
		};
/* End PBXFrameworksBuildPhase section */

/* Begin PBXGroup section */
		5BB99BB9195256B3009B549B = {
			isa = PBXGroup;
			children = (
				5BB99BCB195256B3009B549B /* UITableViewController Challenge Solution */,
				5BB99BEA195256B3009B549B /* UITableViewController Challenge SolutionTests */,
				5BB99BC4195256B3009B549B /* Frameworks */,
				5BB99BC3195256B3009B549B /* Products */,
			);
			sourceTree = "<group>";
		};
		5BB99BC3195256B3009B549B /* Products */ = {
			isa = PBXGroup;
			children = (
				5BB99BC2195256B3009B549B /* UITableViewController Challenge Solution.app */,
				5BB99BE3195256B3009B549B /* UITableViewController Challenge SolutionTests.xctest */,
			);
			name = Products;
			sourceTree = "<group>";
		};
		5BB99BC4195256B3009B549B /* Frameworks */ = {
			isa = PBXGroup;
			children = (
				5BB99BC5195256B3009B549B /* Foundation.framework */,
				5BB99BC7195256B3009B549B /* CoreGraphics.framework */,
				5BB99BC9195256B3009B549B /* UIKit.framework */,
				5BB99BE4195256B3009B549B /* XCTest.framework */,
			);
			name = Frameworks;
			sourceTree = "<group>";
		};
		5BB99BCB195256B3009B549B /* UITableViewController Challenge Solution */ = {
			isa = PBXGroup;
			children = (
				5BB99BD4195256B3009B549B /* CHAppDelegate.h */,
				5BB99BD5195256B3009B549B /* CHAppDelegate.m */,
				5BB99BD7195256B3009B549B /* Main.storyboard */,
				5BB99BFA19526142009B549B /* CHTableViewController.h */,
				5BB99BFB19526142009B549B /* CHTableViewController.m */,
				5BB99BDA195256B3009B549B /* CHViewController.h */,
				5BB99BDD195256B3009B549B /* Images.xcassets */,
				5BB99BCC195256B3009B549B /* Supporting Files */,
			);
			path = "UITableViewController Challenge Solution";
			sourceTree = "<group>";
		};
		5BB99BCC195256B3009B549B /* Supporting Files */ = {
			isa = PBXGroup;
			children = (
				5BB99BCD195256B3009B549B /* UITableViewController Challenge Solution-Info.plist */,
				5BB99BCE195256B3009B549B /* InfoPlist.strings */,
				5BB99BD1195256B3009B549B /* main.m */,
				5BB99BD3195256B3009B549B /* UITableViewController Challenge Solution-Prefix.pch */,
			);
			name = "Supporting Files";
			sourceTree = "<group>";
		};
		5BB99BEA195256B3009B549B /* UITableViewController Challenge SolutionTests */ = {
			isa = PBXGroup;
			children = (
				5BB99BF0195256B3009B549B /* UITableViewController_Challenge_SolutionTests.m */,
				5BB99BEB195256B3009B549B /* Supporting Files */,
			);
			path = "UITableViewController Challenge SolutionTests";
			sourceTree = "<group>";
		};
		5BB99BEB195256B3009B549B /* Supporting Files */ = {
			isa = PBXGroup;
			children = (
				5BB99BEC195256B3009B549B /* UITableViewController Challenge SolutionTests-Info.plist */,
				5BB99BED195256B3009B549B /* InfoPlist.strings */,
			);
			name = "Supporting Files";
			sourceTree = "<group>";
		};
/* End PBXGroup section */

/* Begin PBXNativeTarget section */
		5BB99BC1195256B3009B549B /* UITableViewController Challenge Solution */ = {
			isa = PBXNativeTarget;
			buildConfigurationList = 5BB99BF4195256B3009B549B /* Build configuration list for PBXNativeTarget "UITableViewController Challenge Solution" */;
			buildPhases = (
				5BB99BBE195256B3009B549B /* Sources */,
				5BB99BBF195256B3009B549B /* Frameworks */,
				5BB99BC0195256B3009B549B /* Resources */,
			);
			buildRules = (
			);
			dependencies = (
			);
			name = "UITableViewController Challenge Solution";
			productName = "UITableViewController Challenge Solution";
			productReference = 5BB99BC2195256B3009B549B /* UITableViewController Challenge Solution.app */;
			productType = "com.apple.product-type.application";
		};
		5BB99BE2195256B3009B549B /* UITableViewController Challenge SolutionTests */ = {
			isa = PBXNativeTarget;
			buildConfigurationList = 5BB99BF7195256B3009B549B /* Build configuration list for PBXNativeTarget "UITableViewController Challenge SolutionTests" */;
			buildPhases = (
				5BB99BDF195256B3009B549B /* Sources */,
				5BB99BE0195256B3009B549B /* Frameworks */,
				5BB99BE1195256B3009B549B /* Resources */,
			);
			buildRules = (
			);
			dependencies = (
				5BB99BE9195256B3009B549B /* PBXTargetDependency */,
			);
			name = "UITableViewController Challenge SolutionTests";
			productName = "UITableViewController Challenge SolutionTests";
			productReference = 5BB99BE3195256B3009B549B /* UITableViewController Challenge SolutionTests.xctest */;
			productType = "com.apple.product-type.bundle.unit-test";
		};
/* End PBXNativeTarget section */

/* Begin PBXProject section */
		5BB99BBA195256B3009B549B /* Project object */ = {
			isa = PBXProject;
			attributes = {
				CLASSPREFIX = CH;
				LastUpgradeCheck = 0510;
				ORGANIZATIONNAME = "Arash Sadeghieh Eshtehadi";
				TargetAttributes = {
					5BB99BE2195256B3009B549B = {
						TestTargetID = 5BB99BC1195256B3009B549B;
					};
				};
			};
			buildConfigurationList = 5BB99BBD195256B3009B549B /* Build configuration list for PBXProject "UITableViewController Challenge Solution" */;
			compatibilityVersion = "Xcode 3.2";
			developmentRegion = English;
			hasScannedForEncodings = 0;
			knownRegions = (
				en,
				Base,
			);
			mainGroup = 5BB99BB9195256B3009B549B;
			productRefGroup = 5BB99BC3195256B3009B549B /* Products */;
			projectDirPath = "";
			projectRoot = "";
			targets = (
				5BB99BC1195256B3009B549B /* UITableViewController Challenge Solution */,
				5BB99BE2195256B3009B549B /* UITableViewController Challenge SolutionTests */,
			);
		};
/* End PBXProject section */

/* Begin PBXResourcesBuildPhase section */
		5BB99BC0195256B3009B549B /* Resources */ = {
			isa = PBXResourcesBuildPhase;
			buildActionMask = 2147483647;
			files = (
				5BB99BDE195256B3009B549B /* Images.xcassets in Resources */,
				5BB99BD0195256B3009B549B /* InfoPlist.strings in Resources */,
				5BB99BD9195256B3009B549B /* Main.storyboard in Resources */,
			);
			runOnlyForDeploymentPostprocessing = 0;
		};
		5BB99BE1195256B3009B549B /* Resources */ = {
			isa = PBXResourcesBuildPhase;
			buildActionMask = 2147483647;
			files = (
				5BB99BEF195256B3009B549B /* InfoPlist.strings in Resources */,
			);
			runOnlyForDeploymentPostprocessing = 0;
		};
/* End PBXResourcesBuildPhase section */

/* Begin PBXSourcesBuildPhase section */
		5BB99BBE195256B3009B549B /* Sources */ = {
			isa = PBXSourcesBuildPhase;
			buildActionMask = 2147483647;
			files = (
				5BB99BD2195256B3009B549B /* main.m in Sources */,
				5BB99BD6195256B3009B549B /* CHAppDelegate.m in Sources */,
				5BB99BFC19526142009B549B /* CHTableViewController.m in Sources */,
			);
			runOnlyForDeploymentPostprocessing = 0;
		};
		5BB99BDF195256B3009B549B /* Sources */ = {
			isa = PBXSourcesBuildPhase;
			buildActionMask = 2147483647;
			files = (
				5BB99BF1195256B3009B549B /* UITableViewController_Challenge_SolutionTests.m in Sources */,
			);
			runOnlyForDeploymentPostprocessing = 0;
		};
/* End PBXSourcesBuildPhase section */

/* Begin PBXTargetDependency section */
		5BB99BE9195256B3009B549B /* PBXTargetDependency */ = {
			isa = PBXTargetDependency;
			target = 5BB99BC1195256B3009B549B /* UITableViewController Challenge Solution */;
			targetProxy = 5BB99BE8195256B3009B549B /* PBXContainerItemProxy */;
		};
/* End PBXTargetDependency section */

/* Begin PBXVariantGroup section */
		5BB99BCE195256B3009B549B /* InfoPlist.strings */ = {
			isa = PBXVariantGroup;
			children = (
				5BB99BCF195256B3009B549B /* en */,
			);
			name = InfoPlist.strings;
			sourceTree = "<group>";
		};
		5BB99BD7195256B3009B549B /* Main.storyboard */ = {
			isa = PBXVariantGroup;
			children = (
				5BB99BD8195256B3009B549B /* Base */,
			);
			name = Main.storyboard;
			sourceTree = "<group>";
		};
		5BB99BED195256B3009B549B /* InfoPlist.strings */ = {
			isa = PBXVariantGroup;
			children = (
				5BB99BEE195256B3009B549B /* en */,
			);
			name = InfoPlist.strings;
			sourceTree = "<group>";
		};
/* End PBXVariantGroup section */

/* Begin XCBuildConfiguration section */
		5BB99BF2195256B3009B549B /* Debug */ = {
			isa = XCBuildConfiguration;
			buildSettings = {
				ALWAYS_SEARCH_USER_PATHS = NO;
				CLANG_CXX_LANGUAGE_STANDARD = "gnu++0x";
				CLANG_CXX_LIBRARY = "libc++";
				CLANG_ENABLE_MODULES = YES;
				CLANG_ENABLE_OBJC_ARC = YES;
				CLANG_WARN_BOOL_CONVERSION = YES;
				CLANG_WARN_CONSTANT_CONVERSION = YES;
				CLANG_WARN_DIRECT_OBJC_ISA_USAGE = YES_ERROR;
				CLANG_WARN_EMPTY_BODY = YES;
				CLANG_WARN_ENUM_CONVERSION = YES;
				CLANG_WARN_INT_CONVERSION = YES;
				CLANG_WARN_OBJC_ROOT_CLASS = YES_ERROR;
				CLANG_WARN__DUPLICATE_METHOD_MATCH = YES;
				"CODE_SIGN_IDENTITY[sdk=iphoneos*]" = "iPhone Developer";
				COPY_PHASE_STRIP = NO;
				GCC_C_LANGUAGE_STANDARD = gnu99;
				GCC_DYNAMIC_NO_PIC = NO;
				GCC_OPTIMIZATION_LEVEL = 0;
				GCC_PREPROCESSOR_DEFINITIONS = (
					"DEBUG=1",
					"$(inherited)",
				);
				GCC_SYMBOLS_PRIVATE_EXTERN = NO;
				GCC_WARN_64_TO_32_BIT_CONVERSION = YES;
				GCC_WARN_ABOUT_RETURN_TYPE = YES_ERROR;
				GCC_WARN_UNDECLARED_SELECTOR = YES;
				GCC_WARN_UNINITIALIZED_AUTOS = YES_AGGRESSIVE;
				GCC_WARN_UNUSED_FUNCTION = YES;
				GCC_WARN_UNUSED_VARIABLE = YES;
				IPHONEOS_DEPLOYMENT_TARGET = 7.1;
				ONLY_ACTIVE_ARCH = YES;
				SDKROOT = iphoneos;
			};
			name = Debug;
		};
		5BB99BF3195256B3009B549B /* Release */ = {
			isa = XCBuildConfiguration;
			buildSettings = {
				ALWAYS_SEARCH_USER_PATHS = NO;
				CLANG_CXX_LANGUAGE_STANDARD = "gnu++0x";
				CLANG_CXX_LIBRARY = "libc++";
				CLANG_ENABLE_MODULES = YES;
				CLANG_ENABLE_OBJC_ARC = YES;
				CLANG_WARN_BOOL_CONVERSION = YES;
				CLANG_WARN_CONSTANT_CONVERSION = YES;
				CLANG_WARN_DIRECT_OBJC_ISA_USAGE = YES_ERROR;
				CLANG_WARN_EMPTY_BODY = YES;
				CLANG_WARN_ENUM_CONVERSION = YES;
				CLANG_WARN_INT_CONVERSION = YES;
				CLANG_WARN_OBJC_ROOT_CLASS = YES_ERROR;
				CLANG_WARN__DUPLICATE_METHOD_MATCH = YES;
				"CODE_SIGN_IDENTITY[sdk=iphoneos*]" = "iPhone Developer";
				COPY_PHASE_STRIP = YES;
				ENABLE_NS_ASSERTIONS = NO;
				GCC_C_LANGUAGE_STANDARD = gnu99;
				GCC_WARN_64_TO_32_BIT_CONVERSION = YES;
				GCC_WARN_ABOUT_RETURN_TYPE = YES_ERROR;
				GCC_WARN_UNDECLARED_SELECTOR = YES;
				GCC_WARN_UNINITIALIZED_AUTOS = YES_AGGRESSIVE;
				GCC_WARN_UNUSED_FUNCTION = YES;
				GCC_WARN_UNUSED_VARIABLE = YES;
				IPHONEOS_DEPLOYMENT_TARGET = 7.1;
				SDKROOT = iphoneos;
				VALIDATE_PRODUCT = YES;
			};
			name = Release;
		};
		5BB99BF5195256B3009B549B /* Debug */ = {
			isa = XCBuildConfiguration;
			buildSettings = {
				ASSETCATALOG_COMPILER_APPICON_NAME = AppIcon;
				ASSETCATALOG_COMPILER_LAUNCHIMAGE_NAME = LaunchImage;
				GCC_PRECOMPILE_PREFIX_HEADER = YES;
				GCC_PREFIX_HEADER = "UITableViewController Challenge Solution/UITableViewController Challenge Solution-Prefix.pch";
				INFOPLIST_FILE = "UITableViewController Challenge Solution/UITableViewController Challenge Solution-Info.plist";
				PRODUCT_NAME = "$(TARGET_NAME)";
				WRAPPER_EXTENSION = app;
			};
			name = Debug;
		};
		5BB99BF6195256B3009B549B /* Release */ = {
			isa = XCBuildConfiguration;
			buildSettings = {
				ASSETCATALOG_COMPILER_APPICON_NAME = AppIcon;
				ASSETCATALOG_COMPILER_LAUNCHIMAGE_NAME = LaunchImage;
				GCC_PRECOMPILE_PREFIX_HEADER = YES;
				GCC_PREFIX_HEADER = "UITableViewController Challenge Solution/UITableViewController Challenge Solution-Prefix.pch";
				INFOPLIST_FILE = "UITableViewController Challenge Solution/UITableViewController Challenge Solution-Info.plist";
				PRODUCT_NAME = "$(TARGET_NAME)";
				WRAPPER_EXTENSION = app;
			};
			name = Release;
		};
		5BB99BF8195256B3009B549B /* Debug */ = {
			isa = XCBuildConfiguration;
			buildSettings = {
				BUNDLE_LOADER = "$(BUILT_PRODUCTS_DIR)/UITableViewController Challenge Solution.app/UITableViewController Challenge Solution";
				FRAMEWORK_SEARCH_PATHS = (
					"$(SDKROOT)/Developer/Library/Frameworks",
					"$(inherited)",
					"$(DEVELOPER_FRAMEWORKS_DIR)",
				);
				GCC_PRECOMPILE_PREFIX_HEADER = YES;
				GCC_PREFIX_HEADER = "UITableViewController Challenge Solution/UITableViewController Challenge Solution-Prefix.pch";
				GCC_PREPROCESSOR_DEFINITIONS = (
					"DEBUG=1",
					"$(inherited)",
				);
				INFOPLIST_FILE = "UITableViewController Challenge SolutionTests/UITableViewController Challenge SolutionTests-Info.plist";
				PRODUCT_NAME = "$(TARGET_NAME)";
				TEST_HOST = "$(BUNDLE_LOADER)";
				WRAPPER_EXTENSION = xctest;
			};
			name = Debug;
		};
		5BB99BF9195256B3009B549B /* Release */ = {
			isa = XCBuildConfiguration;
			buildSettings = {
				BUNDLE_LOADER = "$(BUILT_PRODUCTS_DIR)/UITableViewController Challenge Solution.app/UITableViewController Challenge Solution";
				FRAMEWORK_SEARCH_PATHS = (
					"$(SDKROOT)/Developer/Library/Frameworks",
					"$(inherited)",
					"$(DEVELOPER_FRAMEWORKS_DIR)",
				);
				GCC_PRECOMPILE_PREFIX_HEADER = YES;
				GCC_PREFIX_HEADER = "UITableViewController Challenge Solution/UITableViewController Challenge Solution-Prefix.pch";
				INFOPLIST_FILE = "UITableViewController Challenge SolutionTests/UITableViewController Challenge SolutionTests-Info.plist";
				PRODUCT_NAME = "$(TARGET_NAME)";
				TEST_HOST = "$(BUNDLE_LOADER)";
				WRAPPER_EXTENSION = xctest;
			};
			name = Release;
		};
/* End XCBuildConfiguration section */

/* Begin XCConfigurationList section */
		5BB99BBD195256B3009B549B /* Build configuration list for PBXProject "UITableViewController Challenge Solution" */ = {
			isa = XCConfigurationList;
			buildConfigurations = (
				5BB99BF2195256B3009B549B /* Debug */,
				5BB99BF3195256B3009B549B /* Release */,
			);
			defaultConfigurationIsVisible = 0;
			defaultConfigurationName = Release;
		};
		5BB99BF4195256B3009B549B /* Build configuration list for PBXNativeTarget "UITableViewController Challenge Solution" */ = {
			isa = XCConfigurationList;
			buildConfigurations = (
				5BB99BF5195256B3009B549B /* Debug */,
				5BB99BF6195256B3009B549B /* Release */,
			);
			defaultConfigurationIsVisible = 0;
		};
		5BB99BF7195256B3009B549B /* Build configuration list for PBXNativeTarget "UITableViewController Challenge SolutionTests" */ = {
			isa = XCConfigurationList;
			buildConfigurations = (
				5BB99BF8195256B3009B549B /* Debug */,
				5BB99BF9195256B3009B549B /* Release */,
			);
			defaultConfigurationIsVisible = 0;
		};
/* End XCConfigurationList section */
	};
	rootObject = 5BB99BBA195256B3009B549B /* Project object */;
}
